// !$*UTF8*$!
{
	archiveVersion = 1;
	classes = {
	};
	objectVersion = 50;
	objects = {

/* Begin PBXBuildFile section */
		24A3F4032896D855008B161B /* AppDelegate.swift in Sources */ = {isa = PBXBuildFile; fileRef = 24A3F4022896D855008B161B /* AppDelegate.swift */; };
		24A3F4052896D855008B161B /* SceneDelegate.swift in Sources */ = {isa = PBXBuildFile; fileRef = 24A3F4042896D855008B161B /* SceneDelegate.swift */; };
		24A3F4072896D855008B161B /* ViewController.swift in Sources */ = {isa = PBXBuildFile; fileRef = 24A3F4062896D855008B161B /* ViewController.swift */; };
		24A3F40C2896D85D008B161B /* Assets.xcassets in Resources */ = {isa = PBXBuildFile; fileRef = 24A3F40B2896D85D008B161B /* Assets.xcassets */; };
		24A3F40F2896D85D008B161B /* Main.storyboard in Resources */ = {isa = PBXBuildFile; fileRef = 24A3F40D2896D85D008B161B /* Main.storyboard */; };
		24A3F4182896D91F008B161B /* MainScreenViewController.swift in Sources */ = {isa = PBXBuildFile; fileRef = 24A3F4162896D91F008B161B /* MainScreenViewController.swift */; };
		24A3F4192896D91F008B161B /* MainScreenViewController.xib in Resources */ = {isa = PBXBuildFile; fileRef = 24A3F4172896D91F008B161B /* MainScreenViewController.xib */; };
		24A3F42028984C41008B161B /* MainTableCell.swift in Sources */ = {isa = PBXBuildFile; fileRef = 24A3F41E28984C41008B161B /* MainTableCell.swift */; };
		24A3F42128984C41008B161B /* MainTableCell.xib in Resources */ = {isa = PBXBuildFile; fileRef = 24A3F41F28984C41008B161B /* MainTableCell.xib */; };
		24A3F42328A2E32A008B161B /* StoreItem.swift in Sources */ = {isa = PBXBuildFile; fileRef = 24A3F42228A2E32A008B161B /* StoreItem.swift */; };
		24A3F42728B556F4008B161B /* BasketItem.swift in Sources */ = {isa = PBXBuildFile; fileRef = 24A3F42628B556F4008B161B /* BasketItem.swift */; };
/* End PBXBuildFile section */

/* Begin PBXFileReference section */
		24A3F3FF2896D855008B161B /* Store.app */ = {isa = PBXFileReference; explicitFileType = wrapper.application; includeInIndex = 0; path = Store.app; sourceTree = BUILT_PRODUCTS_DIR; };
		24A3F4022896D855008B161B /* AppDelegate.swift */ = {isa = PBXFileReference; lastKnownFileType = sourcecode.swift; path = AppDelegate.swift; sourceTree = "<group>"; };
		24A3F4042896D855008B161B /* SceneDelegate.swift */ = {isa = PBXFileReference; lastKnownFileType = sourcecode.swift; path = SceneDelegate.swift; sourceTree = "<group>"; };
		24A3F4062896D855008B161B /* ViewController.swift */ = {isa = PBXFileReference; lastKnownFileType = sourcecode.swift; path = ViewController.swift; sourceTree = "<group>"; };
		24A3F40B2896D85D008B161B /* Assets.xcassets */ = {isa = PBXFileReference; lastKnownFileType = folder.assetcatalog; path = Assets.xcassets; sourceTree = "<group>"; };
		24A3F40E2896D85D008B161B /* Base */ = {isa = PBXFileReference; lastKnownFileType = file.storyboard; name = Base; path = Base.lproj/Main.storyboard; sourceTree = "<group>"; };
		24A3F4102896D85D008B161B /* Info.plist */ = {isa = PBXFileReference; lastKnownFileType = text.plist.xml; path = Info.plist; sourceTree = "<group>"; };
		24A3F4162896D91F008B161B /* MainScreenViewController.swift */ = {isa = PBXFileReference; lastKnownFileType = sourcecode.swift; path = MainScreenViewController.swift; sourceTree = "<group>"; };
		24A3F4172896D91F008B161B /* MainScreenViewController.xib */ = {isa = PBXFileReference; lastKnownFileType = file.xib; path = MainScreenViewController.xib; sourceTree = "<group>"; };
		24A3F41E28984C41008B161B /* MainTableCell.swift */ = {isa = PBXFileReference; lastKnownFileType = sourcecode.swift; path = MainTableCell.swift; sourceTree = "<group>"; };
		24A3F41F28984C41008B161B /* MainTableCell.xib */ = {isa = PBXFileReference; lastKnownFileType = file.xib; path = MainTableCell.xib; sourceTree = "<group>"; };
		24A3F42228A2E32A008B161B /* StoreItem.swift */ = {isa = PBXFileReference; lastKnownFileType = sourcecode.swift; path = StoreItem.swift; sourceTree = "<group>"; };
		24A3F42628B556F4008B161B /* BasketItem.swift */ = {isa = PBXFileReference; lastKnownFileType = sourcecode.swift; path = BasketItem.swift; sourceTree = "<group>"; };
/* End PBXFileReference section */

/* Begin PBXFrameworksBuildPhase section */
		24A3F3FC2896D855008B161B /* Frameworks */ = {
			isa = PBXFrameworksBuildPhase;
			buildActionMask = 2147483647;
			files = (
			);
			runOnlyForDeploymentPostprocessing = 0;
		};
/* End PBXFrameworksBuildPhase section */

/* Begin PBXGroup section */
		24A3F3F62896D855008B161B = {
			isa = PBXGroup;
			children = (
				24A3F4012896D855008B161B /* Store */,
				24A3F4002896D855008B161B /* Products */,
			);
			sourceTree = "<group>";
		};
		24A3F4002896D855008B161B /* Products */ = {
			isa = PBXGroup;
			children = (
				24A3F3FF2896D855008B161B /* Store.app */,
			);
			name = Products;
			sourceTree = "<group>";
		};
		24A3F4012896D855008B161B /* Store */ = {
			isa = PBXGroup;
			children = (
				24A3F4022896D855008B161B /* AppDelegate.swift */,
				24A3F4042896D855008B161B /* SceneDelegate.swift */,
				24A3F4062896D855008B161B /* ViewController.swift */,
				24A3F40B2896D85D008B161B /* Assets.xcassets */,
				24A3F40D2896D85D008B161B /* Main.storyboard */,
				24A3F4102896D85D008B161B /* Info.plist */,
				24A3F4162896D91F008B161B /* MainScreenViewController.swift */,
				24A3F4172896D91F008B161B /* MainScreenViewController.xib */,
				24A3F41E28984C41008B161B /* MainTableCell.swift */,
				24A3F41F28984C41008B161B /* MainTableCell.xib */,
				24A3F42228A2E32A008B161B /* StoreItem.swift */,
				24A3F42628B556F4008B161B /* BasketItem.swift */,
			);
			path = Store;
			sourceTree = "<group>";
		};
/* End PBXGroup section */

/* Begin PBXNativeTarget section */
		24A3F3FE2896D855008B161B /* Store */ = {
			isa = PBXNativeTarget;
			buildConfigurationList = 24A3F4132896D85D008B161B /* Build configuration list for PBXNativeTarget "Store" */;
			buildPhases = (
				24A3F3FB2896D855008B161B /* Sources */,
				24A3F3FC2896D855008B161B /* Frameworks */,
				24A3F3FD2896D855008B161B /* Resources */,
			);
			buildRules = (
			);
			dependencies = (
			);
			name = Store;
			productName = Store;
			productReference = 24A3F3FF2896D855008B161B /* Store.app */;
			productType = "com.apple.product-type.application";
		};
/* End PBXNativeTarget section */

/* Begin PBXProject section */
		24A3F3F72896D855008B161B /* Project object */ = {
			isa = PBXProject;
			attributes = {
				LastSwiftUpdateCheck = 1130;
				LastUpgradeCheck = 1130;
				ORGANIZATIONNAME = Pedrila;
				TargetAttributes = {
					24A3F3FE2896D855008B161B = {
						CreatedOnToolsVersion = 11.3.1;
					};
				};
			};
			buildConfigurationList = 24A3F3FA2896D855008B161B /* Build configuration list for PBXProject "Store" */;
			compatibilityVersion = "Xcode 9.3";
			developmentRegion = en;
			hasScannedForEncodings = 0;
			knownRegions = (
				en,
				Base,
			);
			mainGroup = 24A3F3F62896D855008B161B;
			productRefGroup = 24A3F4002896D855008B161B /* Products */;
			projectDirPath = "";
			projectRoot = "";
			targets = (
				24A3F3FE2896D855008B161B /* Store */,
			);
		};
/* End PBXProject section */

/* Begin PBXResourcesBuildPhase section */
		24A3F3FD2896D855008B161B /* Resources */ = {
			isa = PBXResourcesBuildPhase;
			buildActionMask = 2147483647;
			files = (
				24A3F40F2896D85D008B161B /* Main.storyboard in Resources */,
				24A3F4192896D91F008B161B /* MainScreenViewController.xib in Resources */,
				24A3F40C2896D85D008B161B /* Assets.xcassets in Resources */,
				24A3F42128984C41008B161B /* MainTableCell.xib in Resources */,
			);
			runOnlyForDeploymentPostprocessing = 0;
		};
/* End PBXResourcesBuildPhase section */

/* Begin PBXSourcesBuildPhase section */
		24A3F3FB2896D855008B161B /* Sources */ = {
			isa = PBXSourcesBuildPhase;
			buildActionMask = 2147483647;
			files = (
				24A3F42728B556F4008B161B /* BasketItem.swift in Sources */,
				24A3F42328A2E32A008B161B /* StoreItem.swift in Sources */,
				24A3F42028984C41008B161B /* MainTableCell.swift in Sources */,
				24A3F4072896D855008B161B /* ViewController.swift in Sources */,
				24A3F4182896D91F008B161B /* MainScreenViewController.swift in Sources */,
				24A3F4032896D855008B161B /* AppDelegate.swift in Sources */,
				24A3F4052896D855008B161B /* SceneDelegate.swift in Sources */,
			);
			runOnlyForDeploymentPostprocessing = 0;
		};
/* End PBXSourcesBuildPhase section */

/* Begin PBXVariantGroup section */
		24A3F40D2896D85D008B161B /* Main.storyboard */ = {
			isa = PBXVariantGroup;
			children = (
				24A3F40E2896D85D008B161B /* Base */,
			);
			name = Main.storyboard;
			sourceTree = "<group>";
		};
/* End PBXVariantGroup section */

/* Begin XCBuildConfiguration section */
		24A3F4112896D85D008B161B /* Debug */ = {
			isa = XCBuildConfiguration;
			buildSettings = {
				ALWAYS_SEARCH_USER_PATHS = NO;
				CLANG_ANALYZER_NONNULL = YES;
				CLANG_ANALYZER_NUMBER_OBJECT_CONVERSION = YES_AGGRESSIVE;
				CLANG_CXX_LANGUAGE_STANDARD = "gnu++14";
				CLANG_CXX_LIBRARY = "libc++";
				CLANG_ENABLE_MODULES = YES;
				CLANG_ENABLE_OBJC_ARC = YES;
				CLANG_ENABLE_OBJC_WEAK = YES;
				CLANG_WARN_BLOCK_CAPTURE_AUTORELEASING = YES;
				CLANG_WARN_BOOL_CONVERSION = YES;
				CLANG_WARN_COMMA = YES;
				CLANG_WARN_CONSTANT_CONVERSION = YES;
				CLANG_WARN_DEPRECATED_OBJC_IMPLEMENTATIONS = YES;
				CLANG_WARN_DIRECT_OBJC_ISA_USAGE = YES_ERROR;
				CLANG_WARN_DOCUMENTATION_COMMENTS = YES;
				CLANG_WARN_EMPTY_BODY = YES;
				CLANG_WARN_ENUM_CONVERSION = YES;
				CLANG_WARN_INFINITE_RECURSION = YES;
				CLANG_WARN_INT_CONVERSION = YES;
				CLANG_WARN_NON_LITERAL_NULL_CONVERSION = YES;
				CLANG_WARN_OBJC_IMPLICIT_RETAIN_SELF = YES;
				CLANG_WARN_OBJC_LITERAL_CONVERSION = YES;
				CLANG_WARN_OBJC_ROOT_CLASS = YES_ERROR;
				CLANG_WARN_RANGE_LOOP_ANALYSIS = YES;
				CLANG_WARN_STRICT_PROTOTYPES = YES;
				CLANG_WARN_SUSPICIOUS_MOVE = YES;
				CLANG_WARN_UNGUARDED_AVAILABILITY = YES_AGGRESSIVE;
				CLANG_WARN_UNREACHABLE_CODE = YES;
				CLANG_WARN__DUPLICATE_METHOD_MATCH = YES;
				COPY_PHASE_STRIP = NO;
				DEBUG_INFORMATION_FORMAT = dwarf;
				ENABLE_STRICT_OBJC_MSGSEND = YES;
				ENABLE_TESTABILITY = YES;
				GCC_C_LANGUAGE_STANDARD = gnu11;
				GCC_DYNAMIC_NO_PIC = NO;
				GCC_NO_COMMON_BLOCKS = YES;
				GCC_OPTIMIZATION_LEVEL = 0;
				GCC_PREPROCESSOR_DEFINITIONS = (
					"DEBUG=1",
					"$(inherited)",
				);
				GCC_WARN_64_TO_32_BIT_CONVERSION = YES;
				GCC_WARN_ABOUT_RETURN_TYPE = YES_ERROR;
				GCC_WARN_UNDECLARED_SELECTOR = YES;
				GCC_WARN_UNINITIALIZED_AUTOS = YES_AGGRESSIVE;
				GCC_WARN_UNUSED_FUNCTION = YES;
				GCC_WARN_UNUSED_VARIABLE = YES;
				IPHONEOS_DEPLOYMENT_TARGET = 13.2;
				MTL_ENABLE_DEBUG_INFO = INCLUDE_SOURCE;
				MTL_FAST_MATH = YES;
				ONLY_ACTIVE_ARCH = YES;
				SDKROOT = iphoneos;
				SWIFT_ACTIVE_COMPILATION_CONDITIONS = DEBUG;
				SWIFT_OPTIMIZATION_LEVEL = "-Onone";
			};
			name = Debug;
		};
		24A3F4122896D85D008B161B /* Release */ = {
			isa = XCBuildConfiguration;
			buildSettings = {
				ALWAYS_SEARCH_USER_PATHS = NO;
				CLANG_ANALYZER_NONNULL = YES;
				CLANG_ANALYZER_NUMBER_OBJECT_CONVERSION = YES_AGGRESSIVE;
				CLANG_CXX_LANGUAGE_STANDARD = "gnu++14";
				CLANG_CXX_LIBRARY = "libc++";
				CLANG_ENABLE_MODULES = YES;
				CLANG_ENABLE_OBJC_ARC = YES;
				CLANG_ENABLE_OBJC_WEAK = YES;
				CLANG_WARN_BLOCK_CAPTURE_AUTORELEASING = YES;
				CLANG_WARN_BOOL_CONVERSION = YES;
				CLANG_WARN_COMMA = YES;
				CLANG_WARN_CONSTANT_CONVERSION = YES;
				CLANG_WARN_DEPRECATED_OBJC_IMPLEMENTATIONS = YES;
				CLANG_WARN_DIRECT_OBJC_ISA_USAGE = YES_ERROR;
				CLANG_WARN_DOCUMENTATION_COMMENTS = YES;
				CLANG_WARN_EMPTY_BODY = YES;
				CLANG_WARN_ENUM_CONVERSION = YES;
				CLANG_WARN_INFINITE_RECURSION = YES;
				CLANG_WARN_INT_CONVERSION = YES;
				CLANG_WARN_NON_LITERAL_NULL_CONVERSION = YES;
				CLANG_WARN_OBJC_IMPLICIT_RETAIN_SELF = YES;
				CLANG_WARN_OBJC_LITERAL_CONVERSION = YES;
				CLANG_WARN_OBJC_ROOT_CLASS = YES_ERROR;
				CLANG_WARN_RANGE_LOOP_ANALYSIS = YES;
				CLANG_WARN_STRICT_PROTOTYPES = YES;
				CLANG_WARN_SUSPICIOUS_MOVE = YES;
				CLANG_WARN_UNGUARDED_AVAILABILITY = YES_AGGRESSIVE;
				CLANG_WARN_UNREACHABLE_CODE = YES;
				CLANG_WARN__DUPLICATE_METHOD_MATCH = YES;
				COPY_PHASE_STRIP = NO;
				DEBUG_INFORMATION_FORMAT = "dwarf-with-dsym";
				ENABLE_NS_ASSERTIONS = NO;
				ENABLE_STRICT_OBJC_MSGSEND = YES;
				GCC_C_LANGUAGE_STANDARD = gnu11;
				GCC_NO_COMMON_BLOCKS = YES;
				GCC_WARN_64_TO_32_BIT_CONVERSION = YES;
				GCC_WARN_ABOUT_RETURN_TYPE = YES_ERROR;
				GCC_WARN_UNDECLARED_SELECTOR = YES;
				GCC_WARN_UNINITIALIZED_AUTOS = YES_AGGRESSIVE;
				GCC_WARN_UNUSED_FUNCTION = YES;
				GCC_WARN_UNUSED_VARIABLE = YES;
				IPHONEOS_DEPLOYMENT_TARGET = 13.2;
				MTL_ENABLE_DEBUG_INFO = NO;
				MTL_FAST_MATH = YES;
				SDKROOT = iphoneos;
				SWIFT_COMPILATION_MODE = wholemodule;
				SWIFT_OPTIMIZATION_LEVEL = "-O";
				VALIDATE_PRODUCT = YES;
			};
			name = Release;
		};
		24A3F4142896D85D008B161B /* Debug */ = {
			isa = XCBuildConfiguration;
			buildSettings = {
				ASSETCATALOG_COMPILER_APPICON_NAME = AppIcon;
				CODE_SIGN_STYLE = Automatic;
				DEVELOPMENT_TEAM = P767HEN8MH;
				INFOPLIST_FILE = Store/Info.plist;
				LD_RUNPATH_SEARCH_PATHS = (
					"$(inherited)",
					"@executable_path/Frameworks",
				);
				PRODUCT_BUNDLE_IDENTIFIER = com.ProudOfZiggy.Store;
				PRODUCT_NAME = "$(TARGET_NAME)";
				SWIFT_VERSION = 5.0;
				TARGETED_DEVICE_FAMILY = "1,2";
			};
			name = Debug;
		};
		24A3F4152896D85D008B161B /* Release */ = {
			isa = XCBuildConfiguration;
			buildSettings = {
				ASSETCATALOG_COMPILER_APPICON_NAME = AppIcon;
				CODE_SIGN_STYLE = Automatic;
				DEVELOPMENT_TEAM = P767HEN8MH;
				INFOPLIST_FILE = Store/Info.plist;
				LD_RUNPATH_SEARCH_PATHS = (
					"$(inherited)",
					"@executable_path/Frameworks",
				);
				PRODUCT_BUNDLE_IDENTIFIER = com.ProudOfZiggy.Store;
				PRODUCT_NAME = "$(TARGET_NAME)";
				SWIFT_VERSION = 5.0;
				TARGETED_DEVICE_FAMILY = "1,2";
			};
			name = Release;
		};
/* End XCBuildConfiguration section */

/* Begin XCConfigurationList section */
		24A3F3FA2896D855008B161B /* Build configuration list for PBXProject "Store" */ = {
			isa = XCConfigurationList;
			buildConfigurations = (
				24A3F4112896D85D008B161B /* Debug */,
				24A3F4122896D85D008B161B /* Release */,
			);
			defaultConfigurationIsVisible = 0;
			defaultConfigurationName = Release;
		};
		24A3F4132896D85D008B161B /* Build configuration list for PBXNativeTarget "Store" */ = {
			isa = XCConfigurationList;
			buildConfigurations = (
				24A3F4142896D85D008B161B /* Debug */,
				24A3F4152896D85D008B161B /* Release */,
			);
			defaultConfigurationIsVisible = 0;
			defaultConfigurationName = Release;
		};
/* End XCConfigurationList section */
	};
	rootObject = 24A3F3F72896D855008B161B /* Project object */;
}
